{
  "name": "tuyu-mini",
  "version": "1.0.0",
  "lockfileVersion": 1,
  "requires": true,
  "dependencies": {
    "threejs-miniprogram": {
      "version": "0.0.8",
      "resolved": "https://registry-npm.meetwhale.com/threejs-miniprogram/download/threejs-miniprogram-0.0.8.tgz",
      "integrity": "sha1-HbvAUCpU0Ak8YRSD4QiJKPCzQsE="
    },
    "yyeva-wechat": {
      "version": "1.0.0-beta.17",
      "resolved": "https://registry.npmmirror.com/yyeva-wechat/-/yyeva-wechat-1.0.0-beta.17.tgz",
      "integrity": "sha512-n7MOSMIROtWHPlKfPyHWZosUH8z4UAxOVBBVPlrEpw4Ywyk+ngnIhlZOHtIB1t7ispeQAvmk8RdI3hk8skrC3A=="
    }
  }
}
